
Microsoft Visual Studio Solution File, Format Version 12.00
# Visual Studio Version 16
VisualStudioVersion = 16.0.30014.187
MinimumVisualStudioVersion = 10.0.40219.1
Project("{2150E333-8FDC-42A3-9474-1A3956D46DE8}") = "Domain", "Domain", "{F9BB840B-F33B-455A-8832-62E26B3C08B2}"
EndProject
Project("{FAE04EC0-301F-11D3-BF4B-00C04F79EFBC}") = "MicroRabbit.Domain.Core", "MicroRabbit.Domain.Core\MicroRabbit.Domain.Core.csproj", "{0E5FAFED-2696-4080-AF0F-E408C33D18DE}"
EndProject
Project("{2150E333-8FDC-42A3-9474-1A3956D46DE8}") = "Infra.Bus", "Infra.Bus", "{A2369104-485A-4721-848F-8AEBB342800B}"
EndProject
Project("{FAE04EC0-301F-11D3-BF4B-00C04F79EFBC}") = "MicroRabbit.Infra.Bus", "MicroRabbit.Infra.Bus\MicroRabbit.Infra.Bus.csproj", "{196120C2-D358-428D-9D50-472DF4812A9A}"
EndProject
Project("{2150E333-8FDC-42A3-9474-1A3956D46DE8}") = "Infra.IOC", "Infra.IOC", "{2A870A71-58FB-40E0-AB88-48D65D66E885}"
EndProject
Project("{FAE04EC0-301F-11D3-BF4B-00C04F79EFBC}") = "MicroRabbit.Infra.IOC", "MicroRabbit.Infra.IOC\MicroRabbit.Infra.IOC.csproj", "{EC572C6E-0DC1-4401-B4CA-E5F60735404C}"
EndProject
Project("{2150E333-8FDC-42A3-9474-1A3956D46DE8}") = "Microservices", "Microservices", "{2A138783-69DA-47CA-AC01-7FA9380574AB}"
EndProject
Project("{2150E333-8FDC-42A3-9474-1A3956D46DE8}") = "Presentation", "Presentation", "{742E8D30-EEB5-4256-AC0C-926AB88CD8EC}"
EndProject
Project("{2150E333-8FDC-42A3-9474-1A3956D46DE8}") = "Banking", "Banking", "{4C37CEB8-F10E-450A-833F-3B68C3563FE6}"
EndProject
Project("{2150E333-8FDC-42A3-9474-1A3956D46DE8}") = "Api", "Api", "{4F6290A4-078B-4D53-86F5-439E20F205C1}"
EndProject
Project("{2150E333-8FDC-42A3-9474-1A3956D46DE8}") = "Domain", "Domain", "{8B17A4D4-7BC9-465A-A5D6-4E11B94A6496}"
EndProject
Project("{2150E333-8FDC-42A3-9474-1A3956D46DE8}") = "Application", "Application", "{2E16312F-1CBC-4D13-AB76-973AEDFA295A}"
EndProject
Project("{2150E333-8FDC-42A3-9474-1A3956D46DE8}") = "Data", "Data", "{2F8F56C9-542B-433B-8A95-8BE656EF3E75}"
EndProject
Project("{FAE04EC0-301F-11D3-BF4B-00C04F79EFBC}") = "MicroRabbit.Banking.Api", "MicroRabbit.Banking.Api\MicroRabbit.Banking.Api.csproj", "{CF43FBB0-F6B0-495C-9F4D-694EAB764F84}"
EndProject
Project("{FAE04EC0-301F-11D3-BF4B-00C04F79EFBC}") = "MicroRabbit.Banking.Application", "MicroRabbit.Banking.Application\MicroRabbit.Banking.Application.csproj", "{67F48636-27D4-42BE-A3AF-5B02B6ECE4B8}"
EndProject
Project("{FAE04EC0-301F-11D3-BF4B-00C04F79EFBC}") = "MicroRabbit.Banking.Data", "MicroRabbit.Banking.Data\MicroRabbit.Banking.Data.csproj", "{828F5752-259B-4AA9-95A2-877234D8ED48}"
EndProject
Project("{FAE04EC0-301F-11D3-BF4B-00C04F79EFBC}") = "MicroRabbit.Banking.Domain", "MicroRabbit.Banking.Domain\MicroRabbit.Banking.Domain.csproj", "{36FD3C7E-2802-4055-8D0B-B8FD606E8E99}"
EndProject
Project("{2150E333-8FDC-42A3-9474-1A3956D46DE8}") = "Transfer", "Transfer", "{7769BF68-53FD-4B94-854A-7005D9782F98}"
EndProject
Project("{2150E333-8FDC-42A3-9474-1A3956D46DE8}") = "Api", "Api", "{2953917E-7DC6-45BC-8AC4-1AAB4F642981}"
EndProject
Project("{2150E333-8FDC-42A3-9474-1A3956D46DE8}") = "Application", "Application", "{4BDC97AB-EB49-4C83-A424-04D30F5FCBAC}"
EndProject
Project("{2150E333-8FDC-42A3-9474-1A3956D46DE8}") = "Data", "Data", "{6335C079-E7E0-4104-BE4D-CE4F31F86B6C}"
EndProject
Project("{2150E333-8FDC-42A3-9474-1A3956D46DE8}") = "Domain", "Domain", "{A07FC309-FE89-4798-893F-8C50194EC0B2}"
EndProject
Project("{FAE04EC0-301F-11D3-BF4B-00C04F79EFBC}") = "MicroRabbit.Transfer.Api", "MicroRabbit.Transfer.Api\MicroRabbit.Transfer.Api.csproj", "{0668AC61-6648-41C1-8619-D392D16482A1}"
EndProject
Project("{FAE04EC0-301F-11D3-BF4B-00C04F79EFBC}") = "MicroRabbit.Transfer.Application", "MicroRabbit.Transfer.Application\MicroRabbit.Transfer.Application.csproj", "{7FD2CCAC-C6F8-4E3F-9736-D5B77B05E56E}"
EndProject
Project("{FAE04EC0-301F-11D3-BF4B-00C04F79EFBC}") = "MicroRabbit.Transfer.Data", "MicroRabbit.Transfer.Data\MicroRabbit.Transfer.Data.csproj", "{9C463768-E7DE-4FA4-BA16-A8BA6F354EA9}"
EndProject
Project("{FAE04EC0-301F-11D3-BF4B-00C04F79EFBC}") = "MicroRabbit.Transfer.Domain", "MicroRabbit.Transfer.Domain\MicroRabbit.Transfer.Domain.csproj", "{7415850B-79F9-44C4-983C-5CB06FE22A6B}"
EndProject
Global
	GlobalSection(SolutionConfigurationPlatforms) = preSolution
		Debug|Any CPU = Debug|Any CPU
		Release|Any CPU = Release|Any CPU
	EndGlobalSection
	GlobalSection(ProjectConfigurationPlatforms) = postSolution
		{0E5FAFED-2696-4080-AF0F-E408C33D18DE}.Debug|Any CPU.ActiveCfg = Debug|Any CPU
		{0E5FAFED-2696-4080-AF0F-E408C33D18DE}.Debug|Any CPU.Build.0 = Debug|Any CPU
		{0E5FAFED-2696-4080-AF0F-E408C33D18DE}.Release|Any CPU.ActiveCfg = Release|Any CPU
		{0E5FAFED-2696-4080-AF0F-E408C33D18DE}.Release|Any CPU.Build.0 = Release|Any CPU
		{196120C2-D358-428D-9D50-472DF4812A9A}.Debug|Any CPU.ActiveCfg = Debug|Any CPU
		{196120C2-D358-428D-9D50-472DF4812A9A}.Debug|Any CPU.Build.0 = Debug|Any CPU
		{196120C2-D358-428D-9D50-472DF4812A9A}.Release|Any CPU.ActiveCfg = Release|Any CPU
		{196120C2-D358-428D-9D50-472DF4812A9A}.Release|Any CPU.Build.0 = Release|Any CPU
		{EC572C6E-0DC1-4401-B4CA-E5F60735404C}.Debug|Any CPU.ActiveCfg = Debug|Any CPU
		{EC572C6E-0DC1-4401-B4CA-E5F60735404C}.Debug|Any CPU.Build.0 = Debug|Any CPU
		{EC572C6E-0DC1-4401-B4CA-E5F60735404C}.Release|Any CPU.ActiveCfg = Release|Any CPU
		{EC572C6E-0DC1-4401-B4CA-E5F60735404C}.Release|Any CPU.Build.0 = Release|Any CPU
		{CF43FBB0-F6B0-495C-9F4D-694EAB764F84}.Debug|Any CPU.ActiveCfg = Debug|Any CPU
		{CF43FBB0-F6B0-495C-9F4D-694EAB764F84}.Debug|Any CPU.Build.0 = Debug|Any CPU
		{CF43FBB0-F6B0-495C-9F4D-694EAB764F84}.Release|Any CPU.ActiveCfg = Release|Any CPU
		{CF43FBB0-F6B0-495C-9F4D-694EAB764F84}.Release|Any CPU.Build.0 = Release|Any CPU
		{67F48636-27D4-42BE-A3AF-5B02B6ECE4B8}.Debug|Any CPU.ActiveCfg = Debug|Any CPU
		{67F48636-27D4-42BE-A3AF-5B02B6ECE4B8}.Debug|Any CPU.Build.0 = Debug|Any CPU
		{67F48636-27D4-42BE-A3AF-5B02B6ECE4B8}.Release|Any CPU.ActiveCfg = Release|Any CPU
		{67F48636-27D4-42BE-A3AF-5B02B6ECE4B8}.Release|Any CPU.Build.0 = Release|Any CPU
		{828F5752-259B-4AA9-95A2-877234D8ED48}.Debug|Any CPU.ActiveCfg = Debug|Any CPU
		{828F5752-259B-4AA9-95A2-877234D8ED48}.Debug|Any CPU.Build.0 = Debug|Any CPU
		{828F5752-259B-4AA9-95A2-877234D8ED48}.Release|Any CPU.ActiveCfg = Release|Any CPU
		{828F5752-259B-4AA9-95A2-877234D8ED48}.Release|Any CPU.Build.0 = Release|Any CPU
		{36FD3C7E-2802-4055-8D0B-B8FD606E8E99}.Debug|Any CPU.ActiveCfg = Debug|Any CPU
		{36FD3C7E-2802-4055-8D0B-B8FD606E8E99}.Debug|Any CPU.Build.0 = Debug|Any CPU
		{36FD3C7E-2802-4055-8D0B-B8FD606E8E99}.Release|Any CPU.ActiveCfg = Release|Any CPU
		{36FD3C7E-2802-4055-8D0B-B8FD606E8E99}.Release|Any CPU.Build.0 = Release|Any CPU
		{0668AC61-6648-41C1-8619-D392D16482A1}.Debug|Any CPU.ActiveCfg = Debug|Any CPU
		{0668AC61-6648-41C1-8619-D392D16482A1}.Debug|Any CPU.Build.0 = Debug|Any CPU
		{0668AC61-6648-41C1-8619-D392D16482A1}.Release|Any CPU.ActiveCfg = Release|Any CPU
		{0668AC61-6648-41C1-8619-D392D16482A1}.Release|Any CPU.Build.0 = Release|Any CPU
		{7FD2CCAC-C6F8-4E3F-9736-D5B77B05E56E}.Debug|Any CPU.ActiveCfg = Debug|Any CPU
		{7FD2CCAC-C6F8-4E3F-9736-D5B77B05E56E}.Debug|Any CPU.Build.0 = Debug|Any CPU
		{7FD2CCAC-C6F8-4E3F-9736-D5B77B05E56E}.Release|Any CPU.ActiveCfg = Release|Any CPU
		{7FD2CCAC-C6F8-4E3F-9736-D5B77B05E56E}.Release|Any CPU.Build.0 = Release|Any CPU
		{9C463768-E7DE-4FA4-BA16-A8BA6F354EA9}.Debug|Any CPU.ActiveCfg = Debug|Any CPU
		{9C463768-E7DE-4FA4-BA16-A8BA6F354EA9}.Debug|Any CPU.Build.0 = Debug|Any CPU
		{9C463768-E7DE-4FA4-BA16-A8BA6F354EA9}.Release|Any CPU.ActiveCfg = Release|Any CPU
		{9C463768-E7DE-4FA4-BA16-A8BA6F354EA9}.Release|Any CPU.Build.0 = Release|Any CPU
		{7415850B-79F9-44C4-983C-5CB06FE22A6B}.Debug|Any CPU.ActiveCfg = Debug|Any CPU
		{7415850B-79F9-44C4-983C-5CB06FE22A6B}.Debug|Any CPU.Build.0 = Debug|Any CPU
		{7415850B-79F9-44C4-983C-5CB06FE22A6B}.Release|Any CPU.ActiveCfg = Release|Any CPU
		{7415850B-79F9-44C4-983C-5CB06FE22A6B}.Release|Any CPU.Build.0 = Release|Any CPU
	EndGlobalSection
	GlobalSection(SolutionProperties) = preSolution
		HideSolutionNode = FALSE
	EndGlobalSection
	GlobalSection(NestedProjects) = preSolution
		{0E5FAFED-2696-4080-AF0F-E408C33D18DE} = {F9BB840B-F33B-455A-8832-62E26B3C08B2}
		{196120C2-D358-428D-9D50-472DF4812A9A} = {A2369104-485A-4721-848F-8AEBB342800B}
		{EC572C6E-0DC1-4401-B4CA-E5F60735404C} = {2A870A71-58FB-40E0-AB88-48D65D66E885}
		{4C37CEB8-F10E-450A-833F-3B68C3563FE6} = {2A138783-69DA-47CA-AC01-7FA9380574AB}
		{4F6290A4-078B-4D53-86F5-439E20F205C1} = {4C37CEB8-F10E-450A-833F-3B68C3563FE6}
		{8B17A4D4-7BC9-465A-A5D6-4E11B94A6496} = {4C37CEB8-F10E-450A-833F-3B68C3563FE6}
		{2E16312F-1CBC-4D13-AB76-973AEDFA295A} = {4C37CEB8-F10E-450A-833F-3B68C3563FE6}
		{2F8F56C9-542B-433B-8A95-8BE656EF3E75} = {4C37CEB8-F10E-450A-833F-3B68C3563FE6}
		{CF43FBB0-F6B0-495C-9F4D-694EAB764F84} = {4F6290A4-078B-4D53-86F5-439E20F205C1}
		{67F48636-27D4-42BE-A3AF-5B02B6ECE4B8} = {2E16312F-1CBC-4D13-AB76-973AEDFA295A}
		{828F5752-259B-4AA9-95A2-877234D8ED48} = {2F8F56C9-542B-433B-8A95-8BE656EF3E75}
		{36FD3C7E-2802-4055-8D0B-B8FD606E8E99} = {8B17A4D4-7BC9-465A-A5D6-4E11B94A6496}
		{7769BF68-53FD-4B94-854A-7005D9782F98} = {2A138783-69DA-47CA-AC01-7FA9380574AB}
		{2953917E-7DC6-45BC-8AC4-1AAB4F642981} = {7769BF68-53FD-4B94-854A-7005D9782F98}
		{4BDC97AB-EB49-4C83-A424-04D30F5FCBAC} = {7769BF68-53FD-4B94-854A-7005D9782F98}
		{6335C079-E7E0-4104-BE4D-CE4F31F86B6C} = {7769BF68-53FD-4B94-854A-7005D9782F98}
		{A07FC309-FE89-4798-893F-8C50194EC0B2} = {7769BF68-53FD-4B94-854A-7005D9782F98}
		{0668AC61-6648-41C1-8619-D392D16482A1} = {2953917E-7DC6-45BC-8AC4-1AAB4F642981}
		{7FD2CCAC-C6F8-4E3F-9736-D5B77B05E56E} = {4BDC97AB-EB49-4C83-A424-04D30F5FCBAC}
		{9C463768-E7DE-4FA4-BA16-A8BA6F354EA9} = {6335C079-E7E0-4104-BE4D-CE4F31F86B6C}
		{7415850B-79F9-44C4-983C-5CB06FE22A6B} = {A07FC309-FE89-4798-893F-8C50194EC0B2}
	EndGlobalSection
	GlobalSection(ExtensibilityGlobals) = postSolution
		SolutionGuid = {BD9449E3-9C35-44A0-A544-0FA2436812B3}
	EndGlobalSection
EndGlobal
